<Solution>
  <Folder Name="/src/">
    <Project Path="src/RosterApp.Api/RosterApp.Api.csproj" />
    <Project Path="src/RosterApp.Application/RosterApp.Application.csproj" />
    <Project Path="src/RosterApp.Domain/RosterApp.Domain.csproj" />
    <Project Path="src/RosterApp.Infrastructure/RosterApp.Infrastructure.csproj" />
  </Folder>
  <Folder Name="/tests/">
    <Project Path="tests/RosterApp.Domain.Tests/RosterApp.Domain.Tests.csproj" />
    <Project Path="tests/RosterApp.Application.Tests/RosterApp.Application.Tests.csproj" />
    <Project Path="tests/RosterApp.Infrastructure.Tests/RosterApp.Infrastructure.Tests.csproj" />
  </Folder>
</Solution>
